// !$*UTF8*$!
{
	archiveVersion = 1;
	classes = {
	};
	objectVersion = 55;
	objects = {

/* Begin PBXBuildFile section */
		499E55FF2803781700593E23 /* Localizable.strings in Resources */ = {isa = PBXBuildFile; fileRef = 499E56012803781700593E23 /* Localizable.strings */; };
		499E56072803785A00593E23 /* String+Localize.swift in Sources */ = {isa = PBXBuildFile; fileRef = 499E56062803785A00593E23 /* String+Localize.swift */; };
		82BD640027931AD200121036 /* TaskManagmentCoreDataApp.swift in Sources */ = {isa = PBXBuildFile; fileRef = 82BD63FF27931AD200121036 /* TaskManagmentCoreDataApp.swift */; };
		82BD640227931AD200121036 /* ContentView.swift in Sources */ = {isa = PBXBuildFile; fileRef = 82BD640127931AD200121036 /* ContentView.swift */; };
		82BD640427931AD300121036 /* Assets.xcassets in Resources */ = {isa = PBXBuildFile; fileRef = 82BD640327931AD300121036 /* Assets.xcassets */; };
		82BD640727931AD300121036 /* Preview Assets.xcassets in Resources */ = {isa = PBXBuildFile; fileRef = 82BD640627931AD300121036 /* Preview Assets.xcassets */; };
		82BD640927931AD300121036 /* Persistence.swift in Sources */ = {isa = PBXBuildFile; fileRef = 82BD640827931AD300121036 /* Persistence.swift */; };
		82BD640C27931AD300121036 /* TaskManagmentCoreData.xcdatamodeld in Sources */ = {isa = PBXBuildFile; fileRef = 82BD640A27931AD300121036 /* TaskManagmentCoreData.xcdatamodeld */; };
		82BD641427931C2700121036 /* TaskViewModel.swift in Sources */ = {isa = PBXBuildFile; fileRef = 82BD641327931C2700121036 /* TaskViewModel.swift */; };
		82BD6417279322B000121036 /* Task.swift in Sources */ = {isa = PBXBuildFile; fileRef = 82BD6416279322B000121036 /* Task.swift */; };
		82BD641A279327B000121036 /* Home.swift in Sources */ = {isa = PBXBuildFile; fileRef = 82BD6419279327B000121036 /* Home.swift */; };
		82BD641C2794EB0E00121036 /* DynamicFilteredView.swift in Sources */ = {isa = PBXBuildFile; fileRef = 82BD641B2794EB0E00121036 /* DynamicFilteredView.swift */; };
		82BD641E2794F76B00121036 /* NewTask.swift in Sources */ = {isa = PBXBuildFile; fileRef = 82BD641D2794F76B00121036 /* NewTask.swift */; };
/* End PBXBuildFile section */

/* Begin PBXFileReference section */
		499E56002803781700593E23 /* en */ = {isa = PBXFileReference; lastKnownFileType = text.plist.strings; name = en; path = en.lproj/Localizable.strings; sourceTree = "<group>"; };
		499E56022803781900593E23 /* ru */ = {isa = PBXFileReference; lastKnownFileType = text.plist.strings; name = ru; path = ru.lproj/Localizable.strings; sourceTree = "<group>"; };
		499E56062803785A00593E23 /* String+Localize.swift */ = {isa = PBXFileReference; lastKnownFileType = sourcecode.swift; path = "String+Localize.swift"; sourceTree = "<group>"; };
		82BD63FC27931AD200121036 /* TaskManagmentCoreData.app */ = {isa = PBXFileReference; explicitFileType = wrapper.application; includeInIndex = 0; path = TaskManagmentCoreData.app; sourceTree = BUILT_PRODUCTS_DIR; };
		82BD63FF27931AD200121036 /* TaskManagmentCoreDataApp.swift */ = {isa = PBXFileReference; lastKnownFileType = sourcecode.swift; path = TaskManagmentCoreDataApp.swift; sourceTree = "<group>"; };
		82BD640127931AD200121036 /* ContentView.swift */ = {isa = PBXFileReference; lastKnownFileType = sourcecode.swift; path = ContentView.swift; sourceTree = "<group>"; };
		82BD640327931AD300121036 /* Assets.xcassets */ = {isa = PBXFileReference; lastKnownFileType = folder.assetcatalog; path = Assets.xcassets; sourceTree = "<group>"; };
		82BD640627931AD300121036 /* Preview Assets.xcassets */ = {isa = PBXFileReference; lastKnownFileType = folder.assetcatalog; path = "Preview Assets.xcassets"; sourceTree = "<group>"; };
		82BD640827931AD300121036 /* Persistence.swift */ = {isa = PBXFileReference; lastKnownFileType = sourcecode.swift; path = Persistence.swift; sourceTree = "<group>"; };
		82BD640B27931AD300121036 /* TaskManagmentCoreData.xcdatamodel */ = {isa = PBXFileReference; lastKnownFileType = wrapper.xcdatamodel; path = TaskManagmentCoreData.xcdatamodel; sourceTree = "<group>"; };
		82BD641327931C2700121036 /* TaskViewModel.swift */ = {isa = PBXFileReference; lastKnownFileType = sourcecode.swift; path = TaskViewModel.swift; sourceTree = "<group>"; };
		82BD6416279322B000121036 /* Task.swift */ = {isa = PBXFileReference; lastKnownFileType = sourcecode.swift; path = Task.swift; sourceTree = "<group>"; };
		82BD6419279327B000121036 /* Home.swift */ = {isa = PBXFileReference; lastKnownFileType = sourcecode.swift; path = Home.swift; sourceTree = "<group>"; };
		82BD641B2794EB0E00121036 /* DynamicFilteredView.swift */ = {isa = PBXFileReference; lastKnownFileType = sourcecode.swift; path = DynamicFilteredView.swift; sourceTree = "<group>"; };
		82BD641D2794F76B00121036 /* NewTask.swift */ = {isa = PBXFileReference; lastKnownFileType = sourcecode.swift; path = NewTask.swift; sourceTree = "<group>"; };
		82BD641F27950F2C00121036 /* TaskManagmentCoreData.entitlements */ = {isa = PBXFileReference; lastKnownFileType = text.plist.entitlements; path = TaskManagmentCoreData.entitlements; sourceTree = "<group>"; };
/* End PBXFileReference section */

/* Begin PBXFrameworksBuildPhase section */
		82BD63F927931AD200121036 /* Frameworks */ = {
			isa = PBXFrameworksBuildPhase;
			buildActionMask = 2147483647;
			files = (
			);
			runOnlyForDeploymentPostprocessing = 0;
		};
/* End PBXFrameworksBuildPhase section */

/* Begin PBXGroup section */
		499E56032803782F00593E23 /* App */ = {
			isa = PBXGroup;
			children = (
				499E56042803783800593E23 /* Resources */,
			);
			path = App;
			sourceTree = "<group>";
		};
		499E56042803783800593E23 /* Resources */ = {
			isa = PBXGroup;
			children = (
				499E56052803784000593E23 /* Localization */,
			);
			path = Resources;
			sourceTree = "<group>";
		};
		499E56052803784000593E23 /* Localization */ = {
			isa = PBXGroup;
			children = (
				499E56012803781700593E23 /* Localizable.strings */,
				499E56062803785A00593E23 /* String+Localize.swift */,
			);
			path = Localization;
			sourceTree = "<group>";
		};
		82BD63F327931AD200121036 = {
			isa = PBXGroup;
			children = (
				82BD63FE27931AD200121036 /* TaskManagmentCoreData */,
				82BD63FD27931AD200121036 /* Products */,
			);
			sourceTree = "<group>";
		};
		82BD63FD27931AD200121036 /* Products */ = {
			isa = PBXGroup;
			children = (
				82BD63FC27931AD200121036 /* TaskManagmentCoreData.app */,
			);
			name = Products;
			sourceTree = "<group>";
		};
		82BD63FE27931AD200121036 /* TaskManagmentCoreData */ = {
			isa = PBXGroup;
			children = (
				499E56032803782F00593E23 /* App */,
				82BD641F27950F2C00121036 /* TaskManagmentCoreData.entitlements */,
				82BD6418279327A800121036 /* View */,
				82BD6415279322A400121036 /* Entities */,
				82BD641227931C0E00121036 /* ViewModel */,
				82BD63FF27931AD200121036 /* TaskManagmentCoreDataApp.swift */,
				82BD640127931AD200121036 /* ContentView.swift */,
				82BD640327931AD300121036 /* Assets.xcassets */,
				82BD640827931AD300121036 /* Persistence.swift */,
				82BD640A27931AD300121036 /* TaskManagmentCoreData.xcdatamodeld */,
				82BD640527931AD300121036 /* Preview Content */,
			);
			path = TaskManagmentCoreData;
			sourceTree = "<group>";
		};
		82BD640527931AD300121036 /* Preview Content */ = {
			isa = PBXGroup;
			children = (
				82BD640627931AD300121036 /* Preview Assets.xcassets */,
			);
			path = "Preview Content";
			sourceTree = "<group>";
		};
		82BD641227931C0E00121036 /* ViewModel */ = {
			isa = PBXGroup;
			children = (
				82BD641327931C2700121036 /* TaskViewModel.swift */,
			);
			path = ViewModel;
			sourceTree = "<group>";
		};
		82BD6415279322A400121036 /* Entities */ = {
			isa = PBXGroup;
			children = (
				82BD6416279322B000121036 /* Task.swift */,
			);
			path = Entities;
			sourceTree = "<group>";
		};
		82BD6418279327A800121036 /* View */ = {
			isa = PBXGroup;
			children = (
				82BD6419279327B000121036 /* Home.swift */,
				82BD641D2794F76B00121036 /* NewTask.swift */,
				82BD641B2794EB0E00121036 /* DynamicFilteredView.swift */,
			);
			path = View;
			sourceTree = "<group>";
		};
/* End PBXGroup section */

/* Begin PBXNativeTarget section */
		82BD63FB27931AD200121036 /* TaskManagmentCoreData */ = {
			isa = PBXNativeTarget;
			buildConfigurationList = 82BD640F27931AD300121036 /* Build configuration list for PBXNativeTarget "TaskManagmentCoreData" */;
			buildPhases = (
				82BD63F827931AD200121036 /* Sources */,
				82BD63F927931AD200121036 /* Frameworks */,
				82BD63FA27931AD200121036 /* Resources */,
			);
			buildRules = (
			);
			dependencies = (
			);
			name = TaskManagmentCoreData;
			productName = TaskManagmentCoreData;
			productReference = 82BD63FC27931AD200121036 /* TaskManagmentCoreData.app */;
			productType = "com.apple.product-type.application";
		};
/* End PBXNativeTarget section */

/* Begin PBXProject section */
		82BD63F427931AD200121036 /* Project object */ = {
			isa = PBXProject;
			attributes = {
				BuildIndependentTargetsInParallel = 1;
				LastSwiftUpdateCheck = 1320;
				LastUpgradeCheck = 1320;
				TargetAttributes = {
					82BD63FB27931AD200121036 = {
						CreatedOnToolsVersion = 13.2.1;
					};
				};
			};
			buildConfigurationList = 82BD63F727931AD200121036 /* Build configuration list for PBXProject "TaskManagmentCoreData" */;
			compatibilityVersion = "Xcode 13.0";
			developmentRegion = en;
			hasScannedForEncodings = 0;
			knownRegions = (
				en,
				ru,
			);
			mainGroup = 82BD63F327931AD200121036;
			productRefGroup = 82BD63FD27931AD200121036 /* Products */;
			projectDirPath = "";
			projectRoot = "";
			targets = (
				82BD63FB27931AD200121036 /* TaskManagmentCoreData */,
			);
		};
/* End PBXProject section */

/* Begin PBXResourcesBuildPhase section */
		82BD63FA27931AD200121036 /* Resources */ = {
			isa = PBXResourcesBuildPhase;
			buildActionMask = 2147483647;
			files = (
				82BD640727931AD300121036 /* Preview Assets.xcassets in Resources */,
				499E55FF2803781700593E23 /* Localizable.strings in Resources */,
				82BD640427931AD300121036 /* Assets.xcassets in Resources */,
			);
			runOnlyForDeploymentPostprocessing = 0;
		};
/* End PBXResourcesBuildPhase section */

/* Begin PBXSourcesBuildPhase section */
		82BD63F827931AD200121036 /* Sources */ = {
			isa = PBXSourcesBuildPhase;
			buildActionMask = 2147483647;
			files = (
				82BD640C27931AD300121036 /* TaskManagmentCoreData.xcdatamodeld in Sources */,
				499E56072803785A00593E23 /* String+Localize.swift in Sources */,
				82BD640927931AD300121036 /* Persistence.swift in Sources */,
				82BD640227931AD200121036 /* ContentView.swift in Sources */,
				82BD641E2794F76B00121036 /* NewTask.swift in Sources */,
				82BD641C2794EB0E00121036 /* DynamicFilteredView.swift in Sources */,
				82BD641427931C2700121036 /* TaskViewModel.swift in Sources */,
				82BD6417279322B000121036 /* Task.swift in Sources */,
				82BD640027931AD200121036 /* TaskManagmentCoreDataApp.swift in Sources */,
				82BD641A279327B000121036 /* Home.swift in Sources */,
			);
			runOnlyForDeploymentPostprocessing = 0;
		};
/* End PBXSourcesBuildPhase section */

/* Begin PBXVariantGroup section */
		499E56012803781700593E23 /* Localizable.strings */ = {
			isa = PBXVariantGroup;
			children = (
				499E56002803781700593E23 /* en */,
				499E56022803781900593E23 /* ru */,
			);
			name = Localizable.strings;
			sourceTree = "<group>";
		};
/* End PBXVariantGroup section */

/* Begin XCBuildConfiguration section */
		82BD640D27931AD300121036 /* Debug */ = {
			isa = XCBuildConfiguration;
			buildSettings = {
				ALWAYS_SEARCH_USER_PATHS = NO;
				CLANG_ANALYZER_NONNULL = YES;
				CLANG_ANALYZER_NUMBER_OBJECT_CONVERSION = YES_AGGRESSIVE;
				CLANG_CXX_LANGUAGE_STANDARD = "gnu++17";
				CLANG_CXX_LIBRARY = "libc++";
				CLANG_ENABLE_MODULES = YES;
				CLANG_ENABLE_OBJC_ARC = YES;
				CLANG_ENABLE_OBJC_WEAK = YES;
				CLANG_WARN_BLOCK_CAPTURE_AUTORELEASING = YES;
				CLANG_WARN_BOOL_CONVERSION = YES;
				CLANG_WARN_COMMA = YES;
				CLANG_WARN_CONSTANT_CONVERSION = YES;
				CLANG_WARN_DEPRECATED_OBJC_IMPLEMENTATIONS = YES;
				CLANG_WARN_DIRECT_OBJC_ISA_USAGE = YES_ERROR;
				CLANG_WARN_DOCUMENTATION_COMMENTS = YES;
				CLANG_WARN_EMPTY_BODY = YES;
				CLANG_WARN_ENUM_CONVERSION = YES;
				CLANG_WARN_INFINITE_RECURSION = YES;
				CLANG_WARN_INT_CONVERSION = YES;
				CLANG_WARN_NON_LITERAL_NULL_CONVERSION = YES;
				CLANG_WARN_OBJC_IMPLICIT_RETAIN_SELF = YES;
				CLANG_WARN_OBJC_LITERAL_CONVERSION = YES;
				CLANG_WARN_OBJC_ROOT_CLASS = YES_ERROR;
				CLANG_WARN_QUOTED_INCLUDE_IN_FRAMEWORK_HEADER = YES;
				CLANG_WARN_RANGE_LOOP_ANALYSIS = YES;
				CLANG_WARN_STRICT_PROTOTYPES = YES;
				CLANG_WARN_SUSPICIOUS_MOVE = YES;
				CLANG_WARN_UNGUARDED_AVAILABILITY = YES_AGGRESSIVE;
				CLANG_WARN_UNREACHABLE_CODE = YES;
				CLANG_WARN__DUPLICATE_METHOD_MATCH = YES;
				COPY_PHASE_STRIP = NO;
				DEBUG_INFORMATION_FORMAT = dwarf;
				ENABLE_STRICT_OBJC_MSGSEND = YES;
				ENABLE_TESTABILITY = YES;
				GCC_C_LANGUAGE_STANDARD = gnu11;
				GCC_DYNAMIC_NO_PIC = NO;
				GCC_NO_COMMON_BLOCKS = YES;
				GCC_OPTIMIZATION_LEVEL = 0;
				GCC_PREPROCESSOR_DEFINITIONS = (
					"DEBUG=1",
					"$(inherited)",
				);
				GCC_WARN_64_TO_32_BIT_CONVERSION = YES;
				GCC_WARN_ABOUT_RETURN_TYPE = YES_ERROR;
				GCC_WARN_UNDECLARED_SELECTOR = YES;
				GCC_WARN_UNINITIALIZED_AUTOS = YES_AGGRESSIVE;
				GCC_WARN_UNUSED_FUNCTION = YES;
				GCC_WARN_UNUSED_VARIABLE = YES;
				IPHONEOS_DEPLOYMENT_TARGET = 15.2;
				MTL_ENABLE_DEBUG_INFO = INCLUDE_SOURCE;
				MTL_FAST_MATH = YES;
				ONLY_ACTIVE_ARCH = YES;
				SDKROOT = iphoneos;
				SWIFT_ACTIVE_COMPILATION_CONDITIONS = DEBUG;
				SWIFT_OPTIMIZATION_LEVEL = "-Onone";
			};
			name = Debug;
		};
		82BD640E27931AD300121036 /* Release */ = {
			isa = XCBuildConfiguration;
			buildSettings = {
				ALWAYS_SEARCH_USER_PATHS = NO;
				CLANG_ANALYZER_NONNULL = YES;
				CLANG_ANALYZER_NUMBER_OBJECT_CONVERSION = YES_AGGRESSIVE;
				CLANG_CXX_LANGUAGE_STANDARD = "gnu++17";
				CLANG_CXX_LIBRARY = "libc++";
				CLANG_ENABLE_MODULES = YES;
				CLANG_ENABLE_OBJC_ARC = YES;
				CLANG_ENABLE_OBJC_WEAK = YES;
				CLANG_WARN_BLOCK_CAPTURE_AUTORELEASING = YES;
				CLANG_WARN_BOOL_CONVERSION = YES;
				CLANG_WARN_COMMA = YES;
				CLANG_WARN_CONSTANT_CONVERSION = YES;
				CLANG_WARN_DEPRECATED_OBJC_IMPLEMENTATIONS = YES;
				CLANG_WARN_DIRECT_OBJC_ISA_USAGE = YES_ERROR;
				CLANG_WARN_DOCUMENTATION_COMMENTS = YES;
				CLANG_WARN_EMPTY_BODY = YES;
				CLANG_WARN_ENUM_CONVERSION = YES;
				CLANG_WARN_INFINITE_RECURSION = YES;
				CLANG_WARN_INT_CONVERSION = YES;
				CLANG_WARN_NON_LITERAL_NULL_CONVERSION = YES;
				CLANG_WARN_OBJC_IMPLICIT_RETAIN_SELF = YES;
				CLANG_WARN_OBJC_LITERAL_CONVERSION = YES;
				CLANG_WARN_OBJC_ROOT_CLASS = YES_ERROR;
				CLANG_WARN_QUOTED_INCLUDE_IN_FRAMEWORK_HEADER = YES;
				CLANG_WARN_RANGE_LOOP_ANALYSIS = YES;
				CLANG_WARN_STRICT_PROTOTYPES = YES;
				CLANG_WARN_SUSPICIOUS_MOVE = YES;
				CLANG_WARN_UNGUARDED_AVAILABILITY = YES_AGGRESSIVE;
				CLANG_WARN_UNREACHABLE_CODE = YES;
				CLANG_WARN__DUPLICATE_METHOD_MATCH = YES;
				COPY_PHASE_STRIP = NO;
				DEBUG_INFORMATION_FORMAT = "dwarf-with-dsym";
				ENABLE_NS_ASSERTIONS = NO;
				ENABLE_STRICT_OBJC_MSGSEND = YES;
				GCC_C_LANGUAGE_STANDARD = gnu11;
				GCC_NO_COMMON_BLOCKS = YES;
				GCC_WARN_64_TO_32_BIT_CONVERSION = YES;
				GCC_WARN_ABOUT_RETURN_TYPE = YES_ERROR;
				GCC_WARN_UNDECLARED_SELECTOR = YES;
				GCC_WARN_UNINITIALIZED_AUTOS = YES_AGGRESSIVE;
				GCC_WARN_UNUSED_FUNCTION = YES;
				GCC_WARN_UNUSED_VARIABLE = YES;
				IPHONEOS_DEPLOYMENT_TARGET = 15.2;
				MTL_ENABLE_DEBUG_INFO = NO;
				MTL_FAST_MATH = YES;
				SDKROOT = iphoneos;
				SWIFT_COMPILATION_MODE = wholemodule;
				SWIFT_OPTIMIZATION_LEVEL = "-O";
				VALIDATE_PRODUCT = YES;
			};
			name = Release;
		};
		82BD641027931AD300121036 /* Debug */ = {
			isa = XCBuildConfiguration;
			buildSettings = {
				ASSETCATALOG_COMPILER_APPICON_NAME = AppIcon;
				ASSETCATALOG_COMPILER_GLOBAL_ACCENT_COLOR_NAME = AccentColor;
				ASSETCATALOG_COMPILER_INCLUDE_ALL_APPICON_ASSETS = YES;
				CODE_SIGN_ENTITLEMENTS = TaskManagmentCoreData/TaskManagmentCoreData.entitlements;
				CODE_SIGN_STYLE = Automatic;
				CURRENT_PROJECT_VERSION = 1;
				DEVELOPMENT_ASSET_PATHS = "\"TaskManagmentCoreData/Preview Content\"";
				DEVELOPMENT_TEAM = 274RF4F6D5;
				ENABLE_PREVIEWS = YES;
				GENERATE_INFOPLIST_FILE = YES;
				INFOPLIST_KEY_UIApplicationSceneManifest_Generation = YES;
				INFOPLIST_KEY_UIApplicationSupportsIndirectInputEvents = YES;
				INFOPLIST_KEY_UILaunchScreen_Generation = YES;
				INFOPLIST_KEY_UISupportedInterfaceOrientations_iPad = "UIInterfaceOrientationPortrait UIInterfaceOrientationPortraitUpsideDown UIInterfaceOrientationLandscapeLeft UIInterfaceOrientationLandscapeRight";
				INFOPLIST_KEY_UISupportedInterfaceOrientations_iPhone = "UIInterfaceOrientationPortrait UIInterfaceOrientationLandscapeLeft UIInterfaceOrientationLandscapeRight";
				LD_RUNPATH_SEARCH_PATHS = (
					"$(inherited)",
					"@executable_path/Frameworks",
				);
				MARKETING_VERSION = 1.0;
				PRODUCT_BUNDLE_IDENTIFIER = chesnikov.TaskManagmentCoreData;
				PRODUCT_NAME = "$(TARGET_NAME)";
				SUPPORTS_MACCATALYST = NO;
				SWIFT_EMIT_LOC_STRINGS = YES;
				SWIFT_VERSION = 5.0;
				TARGETED_DEVICE_FAMILY = "1,2";
			};
			name = Debug;
		};
		82BD641127931AD300121036 /* Release */ = {
			isa = XCBuildConfiguration;
			buildSettings = {
				ASSETCATALOG_COMPILER_APPICON_NAME = AppIcon;
				ASSETCATALOG_COMPILER_GLOBAL_ACCENT_COLOR_NAME = AccentColor;
				ASSETCATALOG_COMPILER_INCLUDE_ALL_APPICON_ASSETS = YES;
				CODE_SIGN_ENTITLEMENTS = TaskManagmentCoreData/TaskManagmentCoreData.entitlements;
				CODE_SIGN_STYLE = Automatic;
				CURRENT_PROJECT_VERSION = 1;
				DEVELOPMENT_ASSET_PATHS = "\"TaskManagmentCoreData/Preview Content\"";
				DEVELOPMENT_TEAM = 274RF4F6D5;
				ENABLE_PREVIEWS = YES;
				GENERATE_INFOPLIST_FILE = YES;
				INFOPLIST_KEY_UIApplicationSceneManifest_Generation = YES;
				INFOPLIST_KEY_UIApplicationSupportsIndirectInputEvents = YES;
				INFOPLIST_KEY_UILaunchScreen_Generation = YES;
				INFOPLIST_KEY_UISupportedInterfaceOrientations_iPad = "UIInterfaceOrientationPortrait UIInterfaceOrientationPortraitUpsideDown UIInterfaceOrientationLandscapeLeft UIInterfaceOrientationLandscapeRight";
				INFOPLIST_KEY_UISupportedInterfaceOrientations_iPhone = "UIInterfaceOrientationPortrait UIInterfaceOrientationLandscapeLeft UIInterfaceOrientationLandscapeRight";
				LD_RUNPATH_SEARCH_PATHS = (
					"$(inherited)",
					"@executable_path/Frameworks",
				);
				MARKETING_VERSION = 1.0;
				PRODUCT_BUNDLE_IDENTIFIER = chesnikov.TaskManagmentCoreData;
				PRODUCT_NAME = "$(TARGET_NAME)";
				SUPPORTS_MACCATALYST = NO;
				SWIFT_EMIT_LOC_STRINGS = YES;
				SWIFT_VERSION = 5.0;
				TARGETED_DEVICE_FAMILY = "1,2";
			};
			name = Release;
		};
/* End XCBuildConfiguration section */

/* Begin XCConfigurationList section */
		82BD63F727931AD200121036 /* Build configuration list for PBXProject "TaskManagmentCoreData" */ = {
			isa = XCConfigurationList;
			buildConfigurations = (
				82BD640D27931AD300121036 /* Debug */,
				82BD640E27931AD300121036 /* Release */,
			);
			defaultConfigurationIsVisible = 0;
			defaultConfigurationName = Release;
		};
		82BD640F27931AD300121036 /* Build configuration list for PBXNativeTarget "TaskManagmentCoreData" */ = {
			isa = XCConfigurationList;
			buildConfigurations = (
				82BD641027931AD300121036 /* Debug */,
				82BD641127931AD300121036 /* Release */,
			);
			defaultConfigurationIsVisible = 0;
			defaultConfigurationName = Release;
		};
/* End XCConfigurationList section */

/* Begin XCVersionGroup section */
		82BD640A27931AD300121036 /* TaskManagmentCoreData.xcdatamodeld */ = {
			isa = XCVersionGroup;
			children = (
				82BD640B27931AD300121036 /* TaskManagmentCoreData.xcdatamodel */,
			);
			currentVersion = 82BD640B27931AD300121036 /* TaskManagmentCoreData.xcdatamodel */;
			path = TaskManagmentCoreData.xcdatamodeld;
			sourceTree = "<group>";
			versionGroupType = wrapper.xcdatamodel;
		};
/* End XCVersionGroup section */
	};
	rootObject = 82BD63F427931AD200121036 /* Project object */;
}
