// !$*UTF8*$!
{
	archiveVersion = 1;
	classes = {
	};
	objectVersion = 54;
	objects = {

/* Begin PBXBuildFile section */
		4908C9912805CDBE008BAE55 /* TaskRepeatDay.swift in Sources */ = {isa = PBXBuildFile; fileRef = 4908C9902805CDBE008BAE55 /* TaskRepeatDay.swift */; };
		4908C9932805CDDD008BAE55 /* TypeEndOfRepeat.swift in Sources */ = {isa = PBXBuildFile; fileRef = 4908C9922805CDDD008BAE55 /* TypeEndOfRepeat.swift */; };
		4908C9962805CE4E008BAE55 /* Date+Calendar.swift in Sources */ = {isa = PBXBuildFile; fileRef = 4908C9952805CE4E008BAE55 /* Date+Calendar.swift */; };
		4908C9982805CEA7008BAE55 /* NewTask+Logic.swift in Sources */ = {isa = PBXBuildFile; fileRef = 4908C9972805CEA7008BAE55 /* NewTask+Logic.swift */; };
		4908C99A2805CEE3008BAE55 /* NewTask+UI.swift in Sources */ = {isa = PBXBuildFile; fileRef = 4908C9992805CEE3008BAE55 /* NewTask+UI.swift */; };
		4908C99E28060616008BAE55 /* View.swift in Sources */ = {isa = PBXBuildFile; fileRef = 4908C99D28060616008BAE55 /* View.swift */; };
		4908C9A028060AAA008BAE55 /* TutorialView.swift in Sources */ = {isa = PBXBuildFile; fileRef = 4908C99F28060AAA008BAE55 /* TutorialView.swift */; };
		4908C9A328060C79008BAE55 /* UIOnboarding in Frameworks */ = {isa = PBXBuildFile; productRef = 4908C9A228060C79008BAE55 /* UIOnboarding */; };
		4908C9A52807607A008BAE55 /* TypeOfNotification.swift in Sources */ = {isa = PBXBuildFile; fileRef = 4908C9A42807607A008BAE55 /* TypeOfNotification.swift */; };
		490D95282867CD4C0056FE99 /* Assets.xcassets in Resources */ = {isa = PBXBuildFile; fileRef = 82BD640327931AD300121036 /* Assets.xcassets */; };
		495425F22867E9A00052E5D2 /* TaskCardView.swift in Sources */ = {isa = PBXBuildFile; fileRef = 495425F12867E9A00052E5D2 /* TaskCardView.swift */; };
		495425F6286891340052E5D2 /* ConditionView.swift in Sources */ = {isa = PBXBuildFile; fileRef = 495425F5286891340052E5D2 /* ConditionView.swift */; };
		495425F9286898270052E5D2 /* GIFHelper.swift in Sources */ = {isa = PBXBuildFile; fileRef = 495425F8286898270052E5D2 /* GIFHelper.swift */; };
		495425FB286899F70052E5D2 /* 1.gif in Resources */ = {isa = PBXBuildFile; fileRef = 495425FA286899F70052E5D2 /* 1.gif */; };
		495426062868B05F0052E5D2 /* GIFResponse.swift in Sources */ = {isa = PBXBuildFile; fileRef = 495426052868B05F0052E5D2 /* GIFResponse.swift */; };
		495426092868B0F00052E5D2 /* APIBuilder.swift in Sources */ = {isa = PBXBuildFile; fileRef = 495426082868B0F00052E5D2 /* APIBuilder.swift */; };
		4954260C286903A20052E5D2 /* GIFCollectionView.swift in Sources */ = {isa = PBXBuildFile; fileRef = 4954260B286903A20052E5D2 /* GIFCollectionView.swift */; };
		49542613287389A70052E5D2 /* ThemesView.swift in Sources */ = {isa = PBXBuildFile; fileRef = 49542612287389A70052E5D2 /* ThemesView.swift */; };
		495426152873D0B20052E5D2 /* ThemesHelper.swift in Sources */ = {isa = PBXBuildFile; fileRef = 495426142873D0B20052E5D2 /* ThemesHelper.swift */; };
		499E55FF2803781700593E23 /* Localizable.strings in Resources */ = {isa = PBXBuildFile; fileRef = 499E56012803781700593E23 /* Localizable.strings */; };
		499E56072803785A00593E23 /* String+Localize.swift in Sources */ = {isa = PBXBuildFile; fileRef = 499E56062803785A00593E23 /* String+Localize.swift */; };
		49BE83422862686B00AD21C6 /* GoogleService-Info.plist in Resources */ = {isa = PBXBuildFile; fileRef = 49BE83412862686B00AD21C6 /* GoogleService-Info.plist */; };
		49BE835028628C9100AD21C6 /* FirebaseAnalytics in Frameworks */ = {isa = PBXBuildFile; productRef = 49BE834F28628C9100AD21C6 /* FirebaseAnalytics */; };
		49BE835228628C9100AD21C6 /* FirebaseCrashlytics in Frameworks */ = {isa = PBXBuildFile; productRef = 49BE835128628C9100AD21C6 /* FirebaseCrashlytics */; };
		49BE835428628C9100AD21C6 /* FirebaseMessaging in Frameworks */ = {isa = PBXBuildFile; productRef = 49BE835328628C9100AD21C6 /* FirebaseMessaging */; };
		49BE8357286290D400AD21C6 /* AnalyticsHelper.swift in Sources */ = {isa = PBXBuildFile; fileRef = 49BE8356286290D400AD21C6 /* AnalyticsHelper.swift */; };
		49CD1EA9282AF2C80073C4E2 /* TaskManagmentCoreDataTests.swift in Sources */ = {isa = PBXBuildFile; fileRef = 49CD1EA8282AF2C80073C4E2 /* TaskManagmentCoreDataTests.swift */; };
		49CD1EB1282AF3850073C4E2 /* SnapshotTesting in Frameworks */ = {isa = PBXBuildFile; productRef = 49CD1EB0282AF3850073C4E2 /* SnapshotTesting */; };
		82BD640027931AD200121036 /* TaskManagmentCoreDataApp.swift in Sources */ = {isa = PBXBuildFile; fileRef = 82BD63FF27931AD200121036 /* TaskManagmentCoreDataApp.swift */; };
		82BD640727931AD300121036 /* Preview Assets.xcassets in Resources */ = {isa = PBXBuildFile; fileRef = 82BD640627931AD300121036 /* Preview Assets.xcassets */; };
		82BD640927931AD300121036 /* Persistence.swift in Sources */ = {isa = PBXBuildFile; fileRef = 82BD640827931AD300121036 /* Persistence.swift */; };
		82BD640C27931AD300121036 /* TaskManagmentCoreData.xcdatamodeld in Sources */ = {isa = PBXBuildFile; fileRef = 82BD640A27931AD300121036 /* TaskManagmentCoreData.xcdatamodeld */; };
		82BD641427931C2700121036 /* TaskViewModel.swift in Sources */ = {isa = PBXBuildFile; fileRef = 82BD641327931C2700121036 /* TaskViewModel.swift */; };
		82BD6417279322B000121036 /* Task.swift in Sources */ = {isa = PBXBuildFile; fileRef = 82BD6416279322B000121036 /* Task.swift */; };
		82BD641A279327B000121036 /* Home.swift in Sources */ = {isa = PBXBuildFile; fileRef = 82BD6419279327B000121036 /* Home.swift */; };
		82BD641C2794EB0E00121036 /* DynamicFilteredView.swift in Sources */ = {isa = PBXBuildFile; fileRef = 82BD641B2794EB0E00121036 /* DynamicFilteredView.swift */; };
		82BD641E2794F76B00121036 /* NewTask.swift in Sources */ = {isa = PBXBuildFile; fileRef = 82BD641D2794F76B00121036 /* NewTask.swift */; };
/* End PBXBuildFile section */

/* Begin PBXContainerItemProxy section */
		49CD1EAA282AF2C80073C4E2 /* PBXContainerItemProxy */ = {
			isa = PBXContainerItemProxy;
			containerPortal = 82BD63F427931AD200121036 /* Project object */;
			proxyType = 1;
			remoteGlobalIDString = 82BD63FB27931AD200121036;
			remoteInfo = TaskManagmentCoreData;
		};
/* End PBXContainerItemProxy section */

/* Begin PBXCopyFilesBuildPhase section */
		4908C98C2804AF7D008BAE55 /* Embed App Extensions */ = {
			isa = PBXCopyFilesBuildPhase;
			buildActionMask = 2147483647;
			dstPath = "";
			dstSubfolderSpec = 13;
			files = (
			);
			name = "Embed App Extensions";
			runOnlyForDeploymentPostprocessing = 0;
		};
/* End PBXCopyFilesBuildPhase section */

/* Begin PBXFileReference section */
		4908C9902805CDBE008BAE55 /* TaskRepeatDay.swift */ = {isa = PBXFileReference; lastKnownFileType = sourcecode.swift; path = TaskRepeatDay.swift; sourceTree = "<group>"; };
		4908C9922805CDDD008BAE55 /* TypeEndOfRepeat.swift */ = {isa = PBXFileReference; lastKnownFileType = sourcecode.swift; path = TypeEndOfRepeat.swift; sourceTree = "<group>"; };
		4908C9952805CE4E008BAE55 /* Date+Calendar.swift */ = {isa = PBXFileReference; lastKnownFileType = sourcecode.swift; path = "Date+Calendar.swift"; sourceTree = "<group>"; };
		4908C9972805CEA7008BAE55 /* NewTask+Logic.swift */ = {isa = PBXFileReference; lastKnownFileType = sourcecode.swift; path = "NewTask+Logic.swift"; sourceTree = "<group>"; };
		4908C9992805CEE3008BAE55 /* NewTask+UI.swift */ = {isa = PBXFileReference; lastKnownFileType = sourcecode.swift; path = "NewTask+UI.swift"; sourceTree = "<group>"; };
		4908C99D28060616008BAE55 /* View.swift */ = {isa = PBXFileReference; lastKnownFileType = sourcecode.swift; path = View.swift; sourceTree = "<group>"; };
		4908C99F28060AAA008BAE55 /* TutorialView.swift */ = {isa = PBXFileReference; lastKnownFileType = sourcecode.swift; path = TutorialView.swift; sourceTree = "<group>"; };
		4908C9A42807607A008BAE55 /* TypeOfNotification.swift */ = {isa = PBXFileReference; lastKnownFileType = sourcecode.swift; path = TypeOfNotification.swift; sourceTree = "<group>"; };
		495425F12867E9A00052E5D2 /* TaskCardView.swift */ = {isa = PBXFileReference; lastKnownFileType = sourcecode.swift; path = TaskCardView.swift; sourceTree = "<group>"; };
		495425F5286891340052E5D2 /* ConditionView.swift */ = {isa = PBXFileReference; lastKnownFileType = sourcecode.swift; path = ConditionView.swift; sourceTree = "<group>"; };
		495425F8286898270052E5D2 /* GIFHelper.swift */ = {isa = PBXFileReference; lastKnownFileType = sourcecode.swift; path = GIFHelper.swift; sourceTree = "<group>"; };
		495425FA286899F70052E5D2 /* 1.gif */ = {isa = PBXFileReference; lastKnownFileType = image.gif; path = 1.gif; sourceTree = "<group>"; };
		495426052868B05F0052E5D2 /* GIFResponse.swift */ = {isa = PBXFileReference; lastKnownFileType = sourcecode.swift; path = GIFResponse.swift; sourceTree = "<group>"; };
		495426082868B0F00052E5D2 /* APIBuilder.swift */ = {isa = PBXFileReference; lastKnownFileType = sourcecode.swift; path = APIBuilder.swift; sourceTree = "<group>"; };
		4954260B286903A20052E5D2 /* GIFCollectionView.swift */ = {isa = PBXFileReference; lastKnownFileType = sourcecode.swift; path = GIFCollectionView.swift; sourceTree = "<group>"; };
		49542612287389A70052E5D2 /* ThemesView.swift */ = {isa = PBXFileReference; lastKnownFileType = sourcecode.swift; path = ThemesView.swift; sourceTree = "<group>"; };
		495426142873D0B20052E5D2 /* ThemesHelper.swift */ = {isa = PBXFileReference; lastKnownFileType = sourcecode.swift; path = ThemesHelper.swift; sourceTree = "<group>"; };
		499E56002803781700593E23 /* en */ = {isa = PBXFileReference; lastKnownFileType = text.plist.strings; name = en; path = en.lproj/Localizable.strings; sourceTree = "<group>"; };
		499E56022803781900593E23 /* ru */ = {isa = PBXFileReference; lastKnownFileType = text.plist.strings; name = ru; path = ru.lproj/Localizable.strings; sourceTree = "<group>"; };
		499E56062803785A00593E23 /* String+Localize.swift */ = {isa = PBXFileReference; lastKnownFileType = sourcecode.swift; path = "String+Localize.swift"; sourceTree = "<group>"; };
		49BE83412862686B00AD21C6 /* GoogleService-Info.plist */ = {isa = PBXFileReference; fileEncoding = 4; lastKnownFileType = text.plist.xml; path = "GoogleService-Info.plist"; sourceTree = "<group>"; };
		49BE8356286290D400AD21C6 /* AnalyticsHelper.swift */ = {isa = PBXFileReference; lastKnownFileType = sourcecode.swift; path = AnalyticsHelper.swift; sourceTree = "<group>"; };
		49CD1EA6282AF2C80073C4E2 /* TaskManagmentCoreDataTests.xctest */ = {isa = PBXFileReference; explicitFileType = wrapper.cfbundle; includeInIndex = 0; path = TaskManagmentCoreDataTests.xctest; sourceTree = BUILT_PRODUCTS_DIR; };
		49CD1EA8282AF2C80073C4E2 /* TaskManagmentCoreDataTests.swift */ = {isa = PBXFileReference; lastKnownFileType = sourcecode.swift; path = TaskManagmentCoreDataTests.swift; sourceTree = "<group>"; };
		49CD1EB2282B02980073C4E2 /* TestPlanEnglish.xctestplan */ = {isa = PBXFileReference; lastKnownFileType = text; path = TestPlanEnglish.xctestplan; sourceTree = "<group>"; };
		49CD1EB3282B03AF0073C4E2 /* TestPlanRussian.xctestplan */ = {isa = PBXFileReference; lastKnownFileType = text; path = TestPlanRussian.xctestplan; sourceTree = "<group>"; };
		82BD63FC27931AD200121036 /* TaskManagmentCoreData.app */ = {isa = PBXFileReference; explicitFileType = wrapper.application; includeInIndex = 0; path = TaskManagmentCoreData.app; sourceTree = BUILT_PRODUCTS_DIR; };
		82BD63FF27931AD200121036 /* TaskManagmentCoreDataApp.swift */ = {isa = PBXFileReference; lastKnownFileType = sourcecode.swift; path = TaskManagmentCoreDataApp.swift; sourceTree = "<group>"; };
		82BD640327931AD300121036 /* Assets.xcassets */ = {isa = PBXFileReference; lastKnownFileType = folder.assetcatalog; path = Assets.xcassets; sourceTree = "<group>"; };
		82BD640627931AD300121036 /* Preview Assets.xcassets */ = {isa = PBXFileReference; lastKnownFileType = folder.assetcatalog; path = "Preview Assets.xcassets"; sourceTree = "<group>"; };
		82BD640827931AD300121036 /* Persistence.swift */ = {isa = PBXFileReference; lastKnownFileType = sourcecode.swift; path = Persistence.swift; sourceTree = "<group>"; };
		82BD640B27931AD300121036 /* TaskManagmentCoreData.xcdatamodel */ = {isa = PBXFileReference; lastKnownFileType = wrapper.xcdatamodel; path = TaskManagmentCoreData.xcdatamodel; sourceTree = "<group>"; };
		82BD641327931C2700121036 /* TaskViewModel.swift */ = {isa = PBXFileReference; lastKnownFileType = sourcecode.swift; path = TaskViewModel.swift; sourceTree = "<group>"; };
		82BD6416279322B000121036 /* Task.swift */ = {isa = PBXFileReference; lastKnownFileType = sourcecode.swift; path = Task.swift; sourceTree = "<group>"; };
		82BD6419279327B000121036 /* Home.swift */ = {isa = PBXFileReference; lastKnownFileType = sourcecode.swift; path = Home.swift; sourceTree = "<group>"; };
		82BD641B2794EB0E00121036 /* DynamicFilteredView.swift */ = {isa = PBXFileReference; lastKnownFileType = sourcecode.swift; path = DynamicFilteredView.swift; sourceTree = "<group>"; };
		82BD641D2794F76B00121036 /* NewTask.swift */ = {isa = PBXFileReference; lastKnownFileType = sourcecode.swift; path = NewTask.swift; sourceTree = "<group>"; };
		82BD641F27950F2C00121036 /* TaskManagmentCoreData.entitlements */ = {isa = PBXFileReference; lastKnownFileType = text.plist.entitlements; path = TaskManagmentCoreData.entitlements; sourceTree = "<group>"; };
/* End PBXFileReference section */

/* Begin PBXFrameworksBuildPhase section */
		49CD1EA3282AF2C80073C4E2 /* Frameworks */ = {
			isa = PBXFrameworksBuildPhase;
			buildActionMask = 2147483647;
			files = (
				49CD1EB1282AF3850073C4E2 /* SnapshotTesting in Frameworks */,
			);
			runOnlyForDeploymentPostprocessing = 0;
		};
		82BD63F927931AD200121036 /* Frameworks */ = {
			isa = PBXFrameworksBuildPhase;
			buildActionMask = 2147483647;
			files = (
				49BE835428628C9100AD21C6 /* FirebaseMessaging in Frameworks */,
				49BE835228628C9100AD21C6 /* FirebaseCrashlytics in Frameworks */,
				49BE835028628C9100AD21C6 /* FirebaseAnalytics in Frameworks */,
				4908C9A328060C79008BAE55 /* UIOnboarding in Frameworks */,
			);
			runOnlyForDeploymentPostprocessing = 0;
		};
/* End PBXFrameworksBuildPhase section */

/* Begin PBXGroup section */
		4908C9942805CE40008BAE55 /* Extensions */ = {
			isa = PBXGroup;
			children = (
				4908C9952805CE4E008BAE55 /* Date+Calendar.swift */,
				4908C99D28060616008BAE55 /* View.swift */,
			);
			path = Extensions;
			sourceTree = "<group>";
		};
		495425F72868980D0052E5D2 /* GIF */ = {
			isa = PBXGroup;
			children = (
				495425FE28689DDF0052E5D2 /* GIFImages */,
				495425F8286898270052E5D2 /* GIFHelper.swift */,
			);
			path = GIF;
			sourceTree = "<group>";
		};
		495425FE28689DDF0052E5D2 /* GIFImages */ = {
			isa = PBXGroup;
			children = (
				495425FA286899F70052E5D2 /* 1.gif */,
			);
			path = GIFImages;
			sourceTree = "<group>";
		};
		495426032868B03A0052E5D2 /* GIFCollectionModule */ = {
			isa = PBXGroup;
			children = (
				4954260A286903930052E5D2 /* View */,
				495426042868B0550052E5D2 /* Models */,
			);
			path = GIFCollectionModule;
			sourceTree = "<group>";
		};
		495426042868B0550052E5D2 /* Models */ = {
			isa = PBXGroup;
			children = (
				495426052868B05F0052E5D2 /* GIFResponse.swift */,
			);
			path = Models;
			sourceTree = "<group>";
		};
		495426072868B0DD0052E5D2 /* NetworkLayer */ = {
			isa = PBXGroup;
			children = (
				495426082868B0F00052E5D2 /* APIBuilder.swift */,
			);
			path = NetworkLayer;
			sourceTree = "<group>";
		};
		4954260A286903930052E5D2 /* View */ = {
			isa = PBXGroup;
			children = (
				4954260B286903A20052E5D2 /* GIFCollectionView.swift */,
			);
			path = View;
			sourceTree = "<group>";
		};
		49542610287388110052E5D2 /* Themes */ = {
			isa = PBXGroup;
			children = (
				49542612287389A70052E5D2 /* ThemesView.swift */,
				495426142873D0B20052E5D2 /* ThemesHelper.swift */,
			);
			path = Themes;
			sourceTree = "<group>";
		};
		499E56032803782F00593E23 /* App */ = {
			isa = PBXGroup;
			children = (
				499E56042803783800593E23 /* Resources */,
			);
			path = App;
			sourceTree = "<group>";
		};
		499E56042803783800593E23 /* Resources */ = {
			isa = PBXGroup;
			children = (
				499E56052803784000593E23 /* Localization */,
			);
			path = Resources;
			sourceTree = "<group>";
		};
		499E56052803784000593E23 /* Localization */ = {
			isa = PBXGroup;
			children = (
				499E56012803781700593E23 /* Localizable.strings */,
				499E56062803785A00593E23 /* String+Localize.swift */,
			);
			path = Localization;
			sourceTree = "<group>";
		};
		49BE834A28626A0200AD21C6 /* Modules */ = {
			isa = PBXGroup;
			children = (
				495426032868B03A0052E5D2 /* GIFCollectionModule */,
			);
			path = Modules;
			sourceTree = "<group>";
		};
		49BE8355286290AB00AD21C6 /* Helpers */ = {
			isa = PBXGroup;
			children = (
				49BE8356286290D400AD21C6 /* AnalyticsHelper.swift */,
			);
			path = Helpers;
			sourceTree = "<group>";
		};
		49CD1EA7282AF2C80073C4E2 /* TaskManagmentCoreDataTests */ = {
			isa = PBXGroup;
			children = (
				49CD1EA8282AF2C80073C4E2 /* TaskManagmentCoreDataTests.swift */,
				49CD1EB2282B02980073C4E2 /* TestPlanEnglish.xctestplan */,
				49CD1EB3282B03AF0073C4E2 /* TestPlanRussian.xctestplan */,
			);
			path = TaskManagmentCoreDataTests;
			sourceTree = "<group>";
		};
		82BD63F327931AD200121036 = {
			isa = PBXGroup;
			children = (
				82BD63FE27931AD200121036 /* TaskManagmentCoreData */,
				49CD1EA7282AF2C80073C4E2 /* TaskManagmentCoreDataTests */,
				82BD63FD27931AD200121036 /* Products */,
			);
			sourceTree = "<group>";
		};
		82BD63FD27931AD200121036 /* Products */ = {
			isa = PBXGroup;
			children = (
				82BD63FC27931AD200121036 /* TaskManagmentCoreData.app */,
				49CD1EA6282AF2C80073C4E2 /* TaskManagmentCoreDataTests.xctest */,
			);
			name = Products;
			sourceTree = "<group>";
		};
		82BD63FE27931AD200121036 /* TaskManagmentCoreData */ = {
			isa = PBXGroup;
			children = (
				495426072868B0DD0052E5D2 /* NetworkLayer */,
				49BE8355286290AB00AD21C6 /* Helpers */,
				4908C9942805CE40008BAE55 /* Extensions */,
				499E56032803782F00593E23 /* App */,
				82BD641F27950F2C00121036 /* TaskManagmentCoreData.entitlements */,
				82BD6418279327A800121036 /* View */,
				82BD6415279322A400121036 /* Entities */,
				82BD641227931C0E00121036 /* ViewModel */,
				82BD63FF27931AD200121036 /* TaskManagmentCoreDataApp.swift */,
				49BE834A28626A0200AD21C6 /* Modules */,
				82BD640327931AD300121036 /* Assets.xcassets */,
				82BD640827931AD300121036 /* Persistence.swift */,
				82BD640A27931AD300121036 /* TaskManagmentCoreData.xcdatamodeld */,
				49BE83412862686B00AD21C6 /* GoogleService-Info.plist */,
				82BD640527931AD300121036 /* Preview Content */,
			);
			path = TaskManagmentCoreData;
			sourceTree = "<group>";
		};
		82BD640527931AD300121036 /* Preview Content */ = {
			isa = PBXGroup;
			children = (
				82BD640627931AD300121036 /* Preview Assets.xcassets */,
			);
			path = "Preview Content";
			sourceTree = "<group>";
		};
		82BD641227931C0E00121036 /* ViewModel */ = {
			isa = PBXGroup;
			children = (
				82BD641327931C2700121036 /* TaskViewModel.swift */,
			);
			path = ViewModel;
			sourceTree = "<group>";
		};
		82BD6415279322A400121036 /* Entities */ = {
			isa = PBXGroup;
			children = (
				82BD6416279322B000121036 /* Task.swift */,
				4908C9902805CDBE008BAE55 /* TaskRepeatDay.swift */,
				4908C9922805CDDD008BAE55 /* TypeEndOfRepeat.swift */,
				4908C9A42807607A008BAE55 /* TypeOfNotification.swift */,
			);
			path = Entities;
			sourceTree = "<group>";
		};
		82BD6418279327A800121036 /* View */ = {
			isa = PBXGroup;
			children = (
				49542610287388110052E5D2 /* Themes */,
				495425F72868980D0052E5D2 /* GIF */,
				82BD6419279327B000121036 /* Home.swift */,
				495425F12867E9A00052E5D2 /* TaskCardView.swift */,
				82BD641D2794F76B00121036 /* NewTask.swift */,
				4908C9992805CEE3008BAE55 /* NewTask+UI.swift */,
				495425F5286891340052E5D2 /* ConditionView.swift */,
				4908C9972805CEA7008BAE55 /* NewTask+Logic.swift */,
				82BD641B2794EB0E00121036 /* DynamicFilteredView.swift */,
				4908C99F28060AAA008BAE55 /* TutorialView.swift */,
			);
			path = View;
			sourceTree = "<group>";
		};
/* End PBXGroup section */

/* Begin PBXNativeTarget section */
		49CD1EA5282AF2C80073C4E2 /* TaskManagmentCoreDataTests */ = {
			isa = PBXNativeTarget;
			buildConfigurationList = 49CD1EAC282AF2C80073C4E2 /* Build configuration list for PBXNativeTarget "TaskManagmentCoreDataTests" */;
			buildPhases = (
				49CD1EA2282AF2C80073C4E2 /* Sources */,
				49CD1EA3282AF2C80073C4E2 /* Frameworks */,
				49CD1EA4282AF2C80073C4E2 /* Resources */,
			);
			buildRules = (
			);
			dependencies = (
				49CD1EAB282AF2C80073C4E2 /* PBXTargetDependency */,
			);
			name = TaskManagmentCoreDataTests;
			packageProductDependencies = (
				49CD1EB0282AF3850073C4E2 /* SnapshotTesting */,
			);
			productName = TaskManagmentCoreDataTests;
			productReference = 49CD1EA6282AF2C80073C4E2 /* TaskManagmentCoreDataTests.xctest */;
			productType = "com.apple.product-type.bundle.unit-test";
		};
		82BD63FB27931AD200121036 /* TaskManagmentCoreData */ = {
			isa = PBXNativeTarget;
			buildConfigurationList = 82BD640F27931AD300121036 /* Build configuration list for PBXNativeTarget "TaskManagmentCoreData" */;
			buildPhases = (
				82BD63F827931AD200121036 /* Sources */,
				82BD63F927931AD200121036 /* Frameworks */,
				82BD63FA27931AD200121036 /* Resources */,
				4908C98C2804AF7D008BAE55 /* Embed App Extensions */,
			);
			buildRules = (
			);
			dependencies = (
			);
			name = TaskManagmentCoreData;
			packageProductDependencies = (
				4908C9A228060C79008BAE55 /* UIOnboarding */,
				49BE834F28628C9100AD21C6 /* FirebaseAnalytics */,
				49BE835128628C9100AD21C6 /* FirebaseCrashlytics */,
				49BE835328628C9100AD21C6 /* FirebaseMessaging */,
			);
			productName = TaskManagmentCoreData;
			productReference = 82BD63FC27931AD200121036 /* TaskManagmentCoreData.app */;
			productType = "com.apple.product-type.application";
		};
/* End PBXNativeTarget section */

/* Begin PBXProject section */
		82BD63F427931AD200121036 /* Project object */ = {
			isa = PBXProject;
			attributes = {
				BuildIndependentTargetsInParallel = 1;
				LastSwiftUpdateCheck = 1330;
				LastUpgradeCheck = 1340;
				TargetAttributes = {
					49CD1EA5282AF2C80073C4E2 = {
						CreatedOnToolsVersion = 13.3;
						TestTargetID = 82BD63FB27931AD200121036;
					};
					82BD63FB27931AD200121036 = {
						CreatedOnToolsVersion = 13.2.1;
					};
				};
			};
			buildConfigurationList = 82BD63F727931AD200121036 /* Build configuration list for PBXProject "TaskManagmentCoreData" */;
			compatibilityVersion = "Xcode 12.0";
			developmentRegion = en;
			hasScannedForEncodings = 0;
			knownRegions = (
				en,
				ru,
			);
			mainGroup = 82BD63F327931AD200121036;
			packageReferences = (
				4908C9A128060C79008BAE55 /* XCRemoteSwiftPackageReference "UIOnboarding" */,
				49CD1EAF282AF3850073C4E2 /* XCRemoteSwiftPackageReference "swift-snapshot-testing" */,
				49BE834E28628C9100AD21C6 /* XCRemoteSwiftPackageReference "firebase-ios-sdk" */,
			);
			productRefGroup = 82BD63FD27931AD200121036 /* Products */;
			projectDirPath = "";
			projectRoot = "";
			targets = (
				82BD63FB27931AD200121036 /* TaskManagmentCoreData */,
				49CD1EA5282AF2C80073C4E2 /* TaskManagmentCoreDataTests */,
			);
		};
/* End PBXProject section */

/* Begin PBXResourcesBuildPhase section */
		49CD1EA4282AF2C80073C4E2 /* Resources */ = {
			isa = PBXResourcesBuildPhase;
			buildActionMask = 2147483647;
			files = (
			);
			runOnlyForDeploymentPostprocessing = 0;
		};
		82BD63FA27931AD200121036 /* Resources */ = {
			isa = PBXResourcesBuildPhase;
			buildActionMask = 2147483647;
			files = (
				82BD640727931AD300121036 /* Preview Assets.xcassets in Resources */,
				49BE83422862686B00AD21C6 /* GoogleService-Info.plist in Resources */,
				490D95282867CD4C0056FE99 /* Assets.xcassets in Resources */,
				495425FB286899F70052E5D2 /* 1.gif in Resources */,
				499E55FF2803781700593E23 /* Localizable.strings in Resources */,
			);
			runOnlyForDeploymentPostprocessing = 0;
		};
/* End PBXResourcesBuildPhase section */

/* Begin PBXSourcesBuildPhase section */
		49CD1EA2282AF2C80073C4E2 /* Sources */ = {
			isa = PBXSourcesBuildPhase;
			buildActionMask = 2147483647;
			files = (
				49CD1EA9282AF2C80073C4E2 /* TaskManagmentCoreDataTests.swift in Sources */,
			);
			runOnlyForDeploymentPostprocessing = 0;
		};
		82BD63F827931AD200121036 /* Sources */ = {
			isa = PBXSourcesBuildPhase;
			buildActionMask = 2147483647;
			files = (
				82BD640C27931AD300121036 /* TaskManagmentCoreData.xcdatamodeld in Sources */,
				499E56072803785A00593E23 /* String+Localize.swift in Sources */,
				49BE8357286290D400AD21C6 /* AnalyticsHelper.swift in Sources */,
				82BD640927931AD300121036 /* Persistence.swift in Sources */,
				4908C99E28060616008BAE55 /* View.swift in Sources */,
				49542613287389A70052E5D2 /* ThemesView.swift in Sources */,
				4908C9912805CDBE008BAE55 /* TaskRepeatDay.swift in Sources */,
				82BD641E2794F76B00121036 /* NewTask.swift in Sources */,
				4954260C286903A20052E5D2 /* GIFCollectionView.swift in Sources */,
				82BD641C2794EB0E00121036 /* DynamicFilteredView.swift in Sources */,
				82BD641427931C2700121036 /* TaskViewModel.swift in Sources */,
				495426092868B0F00052E5D2 /* APIBuilder.swift in Sources */,
				4908C9A028060AAA008BAE55 /* TutorialView.swift in Sources */,
				495426152873D0B20052E5D2 /* ThemesHelper.swift in Sources */,
				495425F22867E9A00052E5D2 /* TaskCardView.swift in Sources */,
				495426062868B05F0052E5D2 /* GIFResponse.swift in Sources */,
				4908C99A2805CEE3008BAE55 /* NewTask+UI.swift in Sources */,
				495425F6286891340052E5D2 /* ConditionView.swift in Sources */,
				495425F9286898270052E5D2 /* GIFHelper.swift in Sources */,
				4908C9A52807607A008BAE55 /* TypeOfNotification.swift in Sources */,
				4908C9982805CEA7008BAE55 /* NewTask+Logic.swift in Sources */,
				82BD6417279322B000121036 /* Task.swift in Sources */,
				82BD640027931AD200121036 /* TaskManagmentCoreDataApp.swift in Sources */,
				4908C9962805CE4E008BAE55 /* Date+Calendar.swift in Sources */,
				82BD641A279327B000121036 /* Home.swift in Sources */,
				4908C9932805CDDD008BAE55 /* TypeEndOfRepeat.swift in Sources */,
			);
			runOnlyForDeploymentPostprocessing = 0;
		};
/* End PBXSourcesBuildPhase section */

/* Begin PBXTargetDependency section */
		49CD1EAB282AF2C80073C4E2 /* PBXTargetDependency */ = {
			isa = PBXTargetDependency;
			target = 82BD63FB27931AD200121036 /* TaskManagmentCoreData */;
			targetProxy = 49CD1EAA282AF2C80073C4E2 /* PBXContainerItemProxy */;
		};
/* End PBXTargetDependency section */

/* Begin PBXVariantGroup section */
		499E56012803781700593E23 /* Localizable.strings */ = {
			isa = PBXVariantGroup;
			children = (
				499E56002803781700593E23 /* en */,
				499E56022803781900593E23 /* ru */,
			);
			name = Localizable.strings;
			sourceTree = "<group>";
		};
/* End PBXVariantGroup section */

/* Begin XCBuildConfiguration section */
		49CD1EAD282AF2C80073C4E2 /* Debug */ = {
			isa = XCBuildConfiguration;
			buildSettings = {
				BUNDLE_LOADER = "$(TEST_HOST)";
				CODE_SIGN_STYLE = Automatic;
				CURRENT_PROJECT_VERSION = 1;
				DEVELOPMENT_TEAM = 274RF4F6D5;
				GENERATE_INFOPLIST_FILE = YES;
				IPHONEOS_DEPLOYMENT_TARGET = 15.4;
				MARKETING_VERSION = 1.0;
				PRODUCT_BUNDLE_IDENTIFIER = com.maxches99.TaskManagmentCoreDataTests;
				PRODUCT_NAME = "$(TARGET_NAME)";
				SWIFT_EMIT_LOC_STRINGS = NO;
				SWIFT_VERSION = 5.0;
				TARGETED_DEVICE_FAMILY = "1,2";
				TEST_HOST = "$(BUILT_PRODUCTS_DIR)/TaskManagmentCoreData.app/TaskManagmentCoreData";
			};
			name = Debug;
		};
		49CD1EAE282AF2C80073C4E2 /* Release */ = {
			isa = XCBuildConfiguration;
			buildSettings = {
				BUNDLE_LOADER = "$(TEST_HOST)";
				CODE_SIGN_STYLE = Automatic;
				CURRENT_PROJECT_VERSION = 1;
				DEVELOPMENT_TEAM = 274RF4F6D5;
				GENERATE_INFOPLIST_FILE = YES;
				IPHONEOS_DEPLOYMENT_TARGET = 15.4;
				MARKETING_VERSION = 1.0;
				PRODUCT_BUNDLE_IDENTIFIER = com.maxches99.TaskManagmentCoreDataTests;
				PRODUCT_NAME = "$(TARGET_NAME)";
				SWIFT_EMIT_LOC_STRINGS = NO;
				SWIFT_VERSION = 5.0;
				TARGETED_DEVICE_FAMILY = "1,2";
				TEST_HOST = "$(BUILT_PRODUCTS_DIR)/TaskManagmentCoreData.app/TaskManagmentCoreData";
			};
			name = Release;
		};
		82BD640D27931AD300121036 /* Debug */ = {
			isa = XCBuildConfiguration;
			buildSettings = {
				ALWAYS_SEARCH_USER_PATHS = NO;
				CLANG_ANALYZER_LOCALIZABILITY_NONLOCALIZED = YES;
				CLANG_ANALYZER_NONNULL = YES;
				CLANG_ANALYZER_NUMBER_OBJECT_CONVERSION = YES_AGGRESSIVE;
				CLANG_CXX_LANGUAGE_STANDARD = "gnu++17";
				CLANG_CXX_LIBRARY = "libc++";
				CLANG_ENABLE_MODULES = YES;
				CLANG_ENABLE_OBJC_ARC = YES;
				CLANG_ENABLE_OBJC_WEAK = YES;
				CLANG_WARN_BLOCK_CAPTURE_AUTORELEASING = YES;
				CLANG_WARN_BOOL_CONVERSION = YES;
				CLANG_WARN_COMMA = YES;
				CLANG_WARN_CONSTANT_CONVERSION = YES;
				CLANG_WARN_DEPRECATED_OBJC_IMPLEMENTATIONS = YES;
				CLANG_WARN_DIRECT_OBJC_ISA_USAGE = YES_ERROR;
				CLANG_WARN_DOCUMENTATION_COMMENTS = YES;
				CLANG_WARN_EMPTY_BODY = YES;
				CLANG_WARN_ENUM_CONVERSION = YES;
				CLANG_WARN_INFINITE_RECURSION = YES;
				CLANG_WARN_INT_CONVERSION = YES;
				CLANG_WARN_NON_LITERAL_NULL_CONVERSION = YES;
				CLANG_WARN_OBJC_IMPLICIT_RETAIN_SELF = YES;
				CLANG_WARN_OBJC_LITERAL_CONVERSION = YES;
				CLANG_WARN_OBJC_ROOT_CLASS = YES_ERROR;
				CLANG_WARN_QUOTED_INCLUDE_IN_FRAMEWORK_HEADER = YES;
				CLANG_WARN_RANGE_LOOP_ANALYSIS = YES;
				CLANG_WARN_STRICT_PROTOTYPES = YES;
				CLANG_WARN_SUSPICIOUS_MOVE = YES;
				CLANG_WARN_UNGUARDED_AVAILABILITY = YES_AGGRESSIVE;
				CLANG_WARN_UNREACHABLE_CODE = YES;
				CLANG_WARN__DUPLICATE_METHOD_MATCH = YES;
				COPY_PHASE_STRIP = NO;
				DEBUG_INFORMATION_FORMAT = dwarf;
				ENABLE_STRICT_OBJC_MSGSEND = YES;
				ENABLE_TESTABILITY = YES;
				GCC_C_LANGUAGE_STANDARD = gnu11;
				GCC_DYNAMIC_NO_PIC = NO;
				GCC_NO_COMMON_BLOCKS = YES;
				GCC_OPTIMIZATION_LEVEL = 0;
				GCC_PREPROCESSOR_DEFINITIONS = (
					"DEBUG=1",
					"$(inherited)",
				);
				GCC_WARN_64_TO_32_BIT_CONVERSION = YES;
				GCC_WARN_ABOUT_RETURN_TYPE = YES_ERROR;
				GCC_WARN_UNDECLARED_SELECTOR = YES;
				GCC_WARN_UNINITIALIZED_AUTOS = YES_AGGRESSIVE;
				GCC_WARN_UNUSED_FUNCTION = YES;
				GCC_WARN_UNUSED_VARIABLE = YES;
				IPHONEOS_DEPLOYMENT_TARGET = 15.0;
				MTL_ENABLE_DEBUG_INFO = INCLUDE_SOURCE;
				MTL_FAST_MATH = YES;
				ONLY_ACTIVE_ARCH = YES;
				SDKROOT = iphoneos;
				SWIFT_ACTIVE_COMPILATION_CONDITIONS = DEBUG;
				SWIFT_OPTIMIZATION_LEVEL = "-Onone";
			};
			name = Debug;
		};
		82BD640E27931AD300121036 /* Release */ = {
			isa = XCBuildConfiguration;
			buildSettings = {
				ALWAYS_SEARCH_USER_PATHS = NO;
				CLANG_ANALYZER_LOCALIZABILITY_NONLOCALIZED = YES;
				CLANG_ANALYZER_NONNULL = YES;
				CLANG_ANALYZER_NUMBER_OBJECT_CONVERSION = YES_AGGRESSIVE;
				CLANG_CXX_LANGUAGE_STANDARD = "gnu++17";
				CLANG_CXX_LIBRARY = "libc++";
				CLANG_ENABLE_MODULES = YES;
				CLANG_ENABLE_OBJC_ARC = YES;
				CLANG_ENABLE_OBJC_WEAK = YES;
				CLANG_WARN_BLOCK_CAPTURE_AUTORELEASING = YES;
				CLANG_WARN_BOOL_CONVERSION = YES;
				CLANG_WARN_COMMA = YES;
				CLANG_WARN_CONSTANT_CONVERSION = YES;
				CLANG_WARN_DEPRECATED_OBJC_IMPLEMENTATIONS = YES;
				CLANG_WARN_DIRECT_OBJC_ISA_USAGE = YES_ERROR;
				CLANG_WARN_DOCUMENTATION_COMMENTS = YES;
				CLANG_WARN_EMPTY_BODY = YES;
				CLANG_WARN_ENUM_CONVERSION = YES;
				CLANG_WARN_INFINITE_RECURSION = YES;
				CLANG_WARN_INT_CONVERSION = YES;
				CLANG_WARN_NON_LITERAL_NULL_CONVERSION = YES;
				CLANG_WARN_OBJC_IMPLICIT_RETAIN_SELF = YES;
				CLANG_WARN_OBJC_LITERAL_CONVERSION = YES;
				CLANG_WARN_OBJC_ROOT_CLASS = YES_ERROR;
				CLANG_WARN_QUOTED_INCLUDE_IN_FRAMEWORK_HEADER = YES;
				CLANG_WARN_RANGE_LOOP_ANALYSIS = YES;
				CLANG_WARN_STRICT_PROTOTYPES = YES;
				CLANG_WARN_SUSPICIOUS_MOVE = YES;
				CLANG_WARN_UNGUARDED_AVAILABILITY = YES_AGGRESSIVE;
				CLANG_WARN_UNREACHABLE_CODE = YES;
				CLANG_WARN__DUPLICATE_METHOD_MATCH = YES;
				COPY_PHASE_STRIP = NO;
				DEBUG_INFORMATION_FORMAT = "dwarf-with-dsym";
				ENABLE_NS_ASSERTIONS = NO;
				ENABLE_STRICT_OBJC_MSGSEND = YES;
				GCC_C_LANGUAGE_STANDARD = gnu11;
				GCC_NO_COMMON_BLOCKS = YES;
				GCC_WARN_64_TO_32_BIT_CONVERSION = YES;
				GCC_WARN_ABOUT_RETURN_TYPE = YES_ERROR;
				GCC_WARN_UNDECLARED_SELECTOR = YES;
				GCC_WARN_UNINITIALIZED_AUTOS = YES_AGGRESSIVE;
				GCC_WARN_UNUSED_FUNCTION = YES;
				GCC_WARN_UNUSED_VARIABLE = YES;
				IPHONEOS_DEPLOYMENT_TARGET = 15.0;
				MTL_ENABLE_DEBUG_INFO = NO;
				MTL_FAST_MATH = YES;
				SDKROOT = iphoneos;
				SWIFT_COMPILATION_MODE = wholemodule;
				SWIFT_OPTIMIZATION_LEVEL = "-O";
				VALIDATE_PRODUCT = YES;
			};
			name = Release;
		};
		82BD641027931AD300121036 /* Debug */ = {
			isa = XCBuildConfiguration;
			buildSettings = {
				ASSETCATALOG_COMPILER_ALTERNATE_APPICON_NAMES = "";
				ASSETCATALOG_COMPILER_APPICON_NAME = AppIcon;
				ASSETCATALOG_COMPILER_GLOBAL_ACCENT_COLOR_NAME = AccentColor;
				ASSETCATALOG_COMPILER_INCLUDE_ALL_APPICON_ASSETS = NO;
				CODE_SIGN_ENTITLEMENTS = TaskManagmentCoreData/TaskManagmentCoreData.entitlements;
				CODE_SIGN_IDENTITY = "Apple Development";
				"CODE_SIGN_IDENTITY[sdk=iphoneos*]" = "iPhone Developer";
				"CODE_SIGN_IDENTITY[sdk=macosx*]" = "Mac Developer";
				CODE_SIGN_STYLE = Manual;
				CURRENT_PROJECT_VERSION = 1;
				DEVELOPMENT_ASSET_PATHS = "TaskManagmentCoreData/Preview\\ Content TaskManagmentCoreData/Assets.xcassets";
				DEVELOPMENT_TEAM = 274RF4F6D5;
				"DEVELOPMENT_TEAM[sdk=iphoneos*]" = 274RF4F6D5;
				"DEVELOPMENT_TEAM[sdk=macosx*]" = 274RF4F6D5;
				ENABLE_PREVIEWS = YES;
				GENERATE_INFOPLIST_FILE = YES;
				INFOPLIST_KEY_CFBundleDisplayName = "Расписание";
				INFOPLIST_KEY_NSCalendarsUsageDescription = "";
				INFOPLIST_KEY_UIApplicationSceneManifest_Generation = YES;
				INFOPLIST_KEY_UIApplicationSupportsIndirectInputEvents = YES;
				INFOPLIST_KEY_UILaunchScreen_Generation = YES;
				INFOPLIST_KEY_UISupportedInterfaceOrientations_iPad = "UIInterfaceOrientationPortrait UIInterfaceOrientationPortraitUpsideDown UIInterfaceOrientationLandscapeLeft UIInterfaceOrientationLandscapeRight";
				INFOPLIST_KEY_UISupportedInterfaceOrientations_iPhone = "UIInterfaceOrientationPortrait UIInterfaceOrientationLandscapeLeft UIInterfaceOrientationLandscapeRight";
				IPHONEOS_DEPLOYMENT_TARGET = 15.0;
				LD_RUNPATH_SEARCH_PATHS = (
					"$(inherited)",
					"@executable_path/Frameworks",
				);
				MARKETING_VERSION = 1.0;
				PRODUCT_BUNDLE_IDENTIFIER = chesnikov.TaskManagmentCoreData;
				PRODUCT_NAME = "$(TARGET_NAME)";
				PROVISIONING_PROFILE_SPECIFIER = TaskManagmentCoreDataProfile;
				"PROVISIONING_PROFILE_SPECIFIER[sdk=iphoneos*]" = TaskManagmentCoreDataProfile;
				"PROVISIONING_PROFILE_SPECIFIER[sdk=macosx*]" = TaskManagmentCoreDataProfileMac;
				SUPPORTED_PLATFORMS = "iphoneos iphonesimulator";
				SUPPORTS_MACCATALYST = NO;
				SUPPORTS_MAC_DESIGNED_FOR_IPHONE_IPAD = NO;
				SWIFT_EMIT_LOC_STRINGS = YES;
				SWIFT_VERSION = 5.0;
				TARGETED_DEVICE_FAMILY = "1,2,6";
			};
			name = Debug;
		};
		82BD641127931AD300121036 /* Release */ = {
			isa = XCBuildConfiguration;
			buildSettings = {
				ASSETCATALOG_COMPILER_ALTERNATE_APPICON_NAMES = "";
				ASSETCATALOG_COMPILER_APPICON_NAME = AppIcon;
				ASSETCATALOG_COMPILER_GLOBAL_ACCENT_COLOR_NAME = AccentColor;
				ASSETCATALOG_COMPILER_INCLUDE_ALL_APPICON_ASSETS = NO;
				CODE_SIGN_ENTITLEMENTS = TaskManagmentCoreData/TaskManagmentCoreData.entitlements;
				CODE_SIGN_IDENTITY = "Apple Development";
				"CODE_SIGN_IDENTITY[sdk=iphoneos*]" = "iPhone Developer";
				"CODE_SIGN_IDENTITY[sdk=macosx*]" = "Mac Developer";
				CODE_SIGN_STYLE = Manual;
				CURRENT_PROJECT_VERSION = 1;
				DEVELOPMENT_ASSET_PATHS = "TaskManagmentCoreData/Preview\\ Content TaskManagmentCoreData/Assets.xcassets";
				DEVELOPMENT_TEAM = 274RF4F6D5;
				"DEVELOPMENT_TEAM[sdk=iphoneos*]" = 274RF4F6D5;
				"DEVELOPMENT_TEAM[sdk=macosx*]" = 274RF4F6D5;
				ENABLE_PREVIEWS = YES;
				GENERATE_INFOPLIST_FILE = YES;
				INFOPLIST_KEY_CFBundleDisplayName = "Расписание";
				INFOPLIST_KEY_NSCalendarsUsageDescription = "";
				INFOPLIST_KEY_UIApplicationSceneManifest_Generation = YES;
				INFOPLIST_KEY_UIApplicationSupportsIndirectInputEvents = YES;
				INFOPLIST_KEY_UILaunchScreen_Generation = YES;
				INFOPLIST_KEY_UISupportedInterfaceOrientations_iPad = "UIInterfaceOrientationPortrait UIInterfaceOrientationPortraitUpsideDown UIInterfaceOrientationLandscapeLeft UIInterfaceOrientationLandscapeRight";
				INFOPLIST_KEY_UISupportedInterfaceOrientations_iPhone = "UIInterfaceOrientationPortrait UIInterfaceOrientationLandscapeLeft UIInterfaceOrientationLandscapeRight";
				IPHONEOS_DEPLOYMENT_TARGET = 15.0;
				LD_RUNPATH_SEARCH_PATHS = (
					"$(inherited)",
					"@executable_path/Frameworks",
				);
				MARKETING_VERSION = 1.0;
				PRODUCT_BUNDLE_IDENTIFIER = chesnikov.TaskManagmentCoreData;
				PRODUCT_NAME = "$(TARGET_NAME)";
				PROVISIONING_PROFILE_SPECIFIER = TaskManagmentCoreDataProfile;
				"PROVISIONING_PROFILE_SPECIFIER[sdk=iphoneos*]" = TaskManagmentCoreDataProfile;
				"PROVISIONING_PROFILE_SPECIFIER[sdk=macosx*]" = TaskManagmentCoreDataProfileMac;
				SUPPORTED_PLATFORMS = "iphoneos iphonesimulator";
				SUPPORTS_MACCATALYST = NO;
				SUPPORTS_MAC_DESIGNED_FOR_IPHONE_IPAD = NO;
				SWIFT_EMIT_LOC_STRINGS = YES;
				SWIFT_VERSION = 5.0;
				TARGETED_DEVICE_FAMILY = "1,2,6";
			};
			name = Release;
		};
/* End XCBuildConfiguration section */

/* Begin XCConfigurationList section */
		49CD1EAC282AF2C80073C4E2 /* Build configuration list for PBXNativeTarget "TaskManagmentCoreDataTests" */ = {
			isa = XCConfigurationList;
			buildConfigurations = (
				49CD1EAD282AF2C80073C4E2 /* Debug */,
				49CD1EAE282AF2C80073C4E2 /* Release */,
			);
			defaultConfigurationIsVisible = 0;
			defaultConfigurationName = Release;
		};
		82BD63F727931AD200121036 /* Build configuration list for PBXProject "TaskManagmentCoreData" */ = {
			isa = XCConfigurationList;
			buildConfigurations = (
				82BD640D27931AD300121036 /* Debug */,
				82BD640E27931AD300121036 /* Release */,
			);
			defaultConfigurationIsVisible = 0;
			defaultConfigurationName = Release;
		};
		82BD640F27931AD300121036 /* Build configuration list for PBXNativeTarget "TaskManagmentCoreData" */ = {
			isa = XCConfigurationList;
			buildConfigurations = (
				82BD641027931AD300121036 /* Debug */,
				82BD641127931AD300121036 /* Release */,
			);
			defaultConfigurationIsVisible = 0;
			defaultConfigurationName = Release;
		};
/* End XCConfigurationList section */

/* Begin XCRemoteSwiftPackageReference section */
		4908C9A128060C79008BAE55 /* XCRemoteSwiftPackageReference "UIOnboarding" */ = {
			isa = XCRemoteSwiftPackageReference;
			repositoryURL = "https://github.com/lascic/UIOnboarding.git";
			requirement = {
				kind = upToNextMajorVersion;
				minimumVersion = 1.0.0;
			};
		};
		49BE834E28628C9100AD21C6 /* XCRemoteSwiftPackageReference "firebase-ios-sdk" */ = {
			isa = XCRemoteSwiftPackageReference;
			repositoryURL = "https://github.com/firebase/firebase-ios-sdk";
			requirement = {
				kind = upToNextMajorVersion;
				minimumVersion = 9.0.0;
			};
		};
		49CD1EAF282AF3850073C4E2 /* XCRemoteSwiftPackageReference "swift-snapshot-testing" */ = {
			isa = XCRemoteSwiftPackageReference;
			repositoryURL = "https://github.com/pointfreeco/swift-snapshot-testing.git";
			requirement = {
				branch = main;
				kind = branch;
			};
		};
/* End XCRemoteSwiftPackageReference section */

/* Begin XCSwiftPackageProductDependency section */
		4908C9A228060C79008BAE55 /* UIOnboarding */ = {
			isa = XCSwiftPackageProductDependency;
			package = 4908C9A128060C79008BAE55 /* XCRemoteSwiftPackageReference "UIOnboarding" */;
			productName = UIOnboarding;
		};
		49BE834F28628C9100AD21C6 /* FirebaseAnalytics */ = {
			isa = XCSwiftPackageProductDependency;
			package = 49BE834E28628C9100AD21C6 /* XCRemoteSwiftPackageReference "firebase-ios-sdk" */;
			productName = FirebaseAnalytics;
		};
		49BE835128628C9100AD21C6 /* FirebaseCrashlytics */ = {
			isa = XCSwiftPackageProductDependency;
			package = 49BE834E28628C9100AD21C6 /* XCRemoteSwiftPackageReference "firebase-ios-sdk" */;
			productName = FirebaseCrashlytics;
		};
		49BE835328628C9100AD21C6 /* FirebaseMessaging */ = {
			isa = XCSwiftPackageProductDependency;
			package = 49BE834E28628C9100AD21C6 /* XCRemoteSwiftPackageReference "firebase-ios-sdk" */;
			productName = FirebaseMessaging;
		};
		49CD1EB0282AF3850073C4E2 /* SnapshotTesting */ = {
			isa = XCSwiftPackageProductDependency;
			package = 49CD1EAF282AF3850073C4E2 /* XCRemoteSwiftPackageReference "swift-snapshot-testing" */;
			productName = SnapshotTesting;
		};
/* End XCSwiftPackageProductDependency section */

/* Begin XCVersionGroup section */
		82BD640A27931AD300121036 /* TaskManagmentCoreData.xcdatamodeld */ = {
			isa = XCVersionGroup;
			children = (
				82BD640B27931AD300121036 /* TaskManagmentCoreData.xcdatamodel */,
			);
			currentVersion = 82BD640B27931AD300121036 /* TaskManagmentCoreData.xcdatamodel */;
			path = TaskManagmentCoreData.xcdatamodeld;
			sourceTree = "<group>";
			versionGroupType = wrapper.xcdatamodel;
		};
/* End XCVersionGroup section */
	};
	rootObject = 82BD63F427931AD200121036 /* Project object */;
}
